{
  "name": "awf",
  "lockfileVersion": 2,
  "requires": true,
  "packages": {
    "": {
      "dependencies": {
        "cache-require-paths": "^0.3.0"
      }
    },
    "node_modules/cache-require-paths": {
      "version": "0.3.0",
      "resolved": "https://registry.npmjs.org/cache-require-paths/-/cache-require-paths-0.3.0.tgz",
      "integrity": "sha1-EqYHWj5JiNpMIvIY4pSFZj5MSmM="
    }
  },
  "dependencies": {
    "cache-require-paths": {
      "version": "0.3.0",
      "resolved": "https://registry.npmjs.org/cache-require-paths/-/cache-require-paths-0.3.0.tgz",
      "integrity": "sha1-EqYHWj5JiNpMIvIY4pSFZj5MSmM="
    }
  }
}
